
Microsoft Visual Studio Solution File, Format Version 12.00
# Visual Studio 14
VisualStudioVersion = 14.0.25420.1
MinimumVisualStudioVersion = 10.0.40219.1
Project("{FAE04EC0-301F-11D3-BF4B-00C04F79EFBC}") = "Commservus_Mobile", "Commservus Mobile\Commservus_Mobile\Commservus_Mobile.csproj", "{B8F2FC16-05D4-4DFA-AADA-E2A8DCA8C5AB}"
EndProject
Project("{FAE04EC0-301F-11D3-BF4B-00C04F79EFBC}") = "Commservus_Mobile.Droid", "Commservus Mobile\Commservus_Mobile.Droid\Commservus_Mobile.Droid.csproj", "{CB0EE78D-47B2-4319-A381-5043E03D9CFC}"
EndProject
Project("{FAE04EC0-301F-11D3-BF4B-00C04F79EFBC}") = "Commservus_Mobile.iOS", "Commservus Mobile\Commservus_Mobile.iOS\Commservus_Mobile.iOS.csproj", "{80075086-305C-4C11-958E-A40B93A6558B}"
EndProject
Project("{FAE04EC0-301F-11D3-BF4B-00C04F79EFBC}") = "Commservus_Mobile.WinPhone", "Commservus Mobile\Commservus_Mobile.WinPhone\Commservus_Mobile.WinPhone.csproj", "{8801A324-4C6B-4250-8303-E8DA83967542}"
EndProject
Project("{FAE04EC0-301F-11D3-BF4B-00C04F79EFBC}") = "Commservus_Mobile.Windows", "Commservus Mobile\Commservus_Mobile.Windows\Commservus_Mobile.Windows.csproj", "{3B70787E-AB6A-401E-BA3A-E99CC6641E74}"
EndProject
Global
	GlobalSection(SolutionConfigurationPlatforms) = preSolution
		Ad-Hoc|Any CPU = Ad-Hoc|Any CPU
		Ad-Hoc|ARM = Ad-Hoc|ARM
		Ad-Hoc|iPhone = Ad-Hoc|iPhone
		Ad-Hoc|iPhoneSimulator = Ad-Hoc|iPhoneSimulator
		Ad-Hoc|x64 = Ad-Hoc|x64
		Ad-Hoc|x86 = Ad-Hoc|x86
		AppStore|Any CPU = AppStore|Any CPU
		AppStore|ARM = AppStore|ARM
		AppStore|iPhone = AppStore|iPhone
		AppStore|iPhoneSimulator = AppStore|iPhoneSimulator
		AppStore|x64 = AppStore|x64
		AppStore|x86 = AppStore|x86
		Debug|Any CPU = Debug|Any CPU
		Debug|ARM = Debug|ARM
		Debug|iPhone = Debug|iPhone
		Debug|iPhoneSimulator = Debug|iPhoneSimulator
		Debug|x64 = Debug|x64
		Debug|x86 = Debug|x86
		Release|Any CPU = Release|Any CPU
		Release|ARM = Release|ARM
		Release|iPhone = Release|iPhone
		Release|iPhoneSimulator = Release|iPhoneSimulator
		Release|x64 = Release|x64
		Release|x86 = Release|x86
	EndGlobalSection
	GlobalSection(ProjectConfigurationPlatforms) = postSolution
		{B8F2FC16-05D4-4DFA-AADA-E2A8DCA8C5AB}.Ad-Hoc|Any CPU.ActiveCfg = Release|Any CPU
		{B8F2FC16-05D4-4DFA-AADA-E2A8DCA8C5AB}.Ad-Hoc|Any CPU.Build.0 = Release|Any CPU
		{B8F2FC16-05D4-4DFA-AADA-E2A8DCA8C5AB}.Ad-Hoc|ARM.ActiveCfg = Release|Any CPU
		{B8F2FC16-05D4-4DFA-AADA-E2A8DCA8C5AB}.Ad-Hoc|ARM.Build.0 = Release|Any CPU
		{B8F2FC16-05D4-4DFA-AADA-E2A8DCA8C5AB}.Ad-Hoc|iPhone.ActiveCfg = Release|Any CPU
		{B8F2FC16-05D4-4DFA-AADA-E2A8DCA8C5AB}.Ad-Hoc|iPhone.Build.0 = Release|Any CPU
		{B8F2FC16-05D4-4DFA-AADA-E2A8DCA8C5AB}.Ad-Hoc|iPhoneSimulator.ActiveCfg = Release|Any CPU
		{B8F2FC16-05D4-4DFA-AADA-E2A8DCA8C5AB}.Ad-Hoc|iPhoneSimulator.Build.0 = Release|Any CPU
		{B8F2FC16-05D4-4DFA-AADA-E2A8DCA8C5AB}.Ad-Hoc|x64.ActiveCfg = Release|Any CPU
		{B8F2FC16-05D4-4DFA-AADA-E2A8DCA8C5AB}.Ad-Hoc|x64.Build.0 = Release|Any CPU
		{B8F2FC16-05D4-4DFA-AADA-E2A8DCA8C5AB}.Ad-Hoc|x86.ActiveCfg = Release|Any CPU
		{B8F2FC16-05D4-4DFA-AADA-E2A8DCA8C5AB}.Ad-Hoc|x86.Build.0 = Release|Any CPU
		{B8F2FC16-05D4-4DFA-AADA-E2A8DCA8C5AB}.AppStore|Any CPU.ActiveCfg = Release|Any CPU
		{B8F2FC16-05D4-4DFA-AADA-E2A8DCA8C5AB}.AppStore|Any CPU.Build.0 = Release|Any CPU
		{B8F2FC16-05D4-4DFA-AADA-E2A8DCA8C5AB}.AppStore|ARM.ActiveCfg = Release|Any CPU
		{B8F2FC16-05D4-4DFA-AADA-E2A8DCA8C5AB}.AppStore|ARM.Build.0 = Release|Any CPU
		{B8F2FC16-05D4-4DFA-AADA-E2A8DCA8C5AB}.AppStore|iPhone.ActiveCfg = Release|Any CPU
		{B8F2FC16-05D4-4DFA-AADA-E2A8DCA8C5AB}.AppStore|iPhone.Build.0 = Release|Any CPU
		{B8F2FC16-05D4-4DFA-AADA-E2A8DCA8C5AB}.AppStore|iPhoneSimulator.ActiveCfg = Release|Any CPU
		{B8F2FC16-05D4-4DFA-AADA-E2A8DCA8C5AB}.AppStore|iPhoneSimulator.Build.0 = Release|Any CPU
		{B8F2FC16-05D4-4DFA-AADA-E2A8DCA8C5AB}.AppStore|x64.ActiveCfg = Release|Any CPU
		{B8F2FC16-05D4-4DFA-AADA-E2A8DCA8C5AB}.AppStore|x64.Build.0 = Release|Any CPU
		{B8F2FC16-05D4-4DFA-AADA-E2A8DCA8C5AB}.AppStore|x86.ActiveCfg = Release|Any CPU
		{B8F2FC16-05D4-4DFA-AADA-E2A8DCA8C5AB}.AppStore|x86.Build.0 = Release|Any CPU
		{B8F2FC16-05D4-4DFA-AADA-E2A8DCA8C5AB}.Debug|Any CPU.ActiveCfg = Debug|Any CPU
		{B8F2FC16-05D4-4DFA-AADA-E2A8DCA8C5AB}.Debug|Any CPU.Build.0 = Debug|Any CPU
		{B8F2FC16-05D4-4DFA-AADA-E2A8DCA8C5AB}.Debug|ARM.ActiveCfg = Debug|Any CPU
		{B8F2FC16-05D4-4DFA-AADA-E2A8DCA8C5AB}.Debug|ARM.Build.0 = Debug|Any CPU
		{B8F2FC16-05D4-4DFA-AADA-E2A8DCA8C5AB}.Debug|iPhone.ActiveCfg = Debug|Any CPU
		{B8F2FC16-05D4-4DFA-AADA-E2A8DCA8C5AB}.Debug|iPhone.Build.0 = Debug|Any CPU
		{B8F2FC16-05D4-4DFA-AADA-E2A8DCA8C5AB}.Debug|iPhoneSimulator.ActiveCfg = Debug|Any CPU
		{B8F2FC16-05D4-4DFA-AADA-E2A8DCA8C5AB}.Debug|iPhoneSimulator.Build.0 = Debug|Any CPU
		{B8F2FC16-05D4-4DFA-AADA-E2A8DCA8C5AB}.Debug|x64.ActiveCfg = Debug|Any CPU
		{B8F2FC16-05D4-4DFA-AADA-E2A8DCA8C5AB}.Debug|x64.Build.0 = Debug|Any CPU
		{B8F2FC16-05D4-4DFA-AADA-E2A8DCA8C5AB}.Debug|x86.ActiveCfg = Debug|Any CPU
		{B8F2FC16-05D4-4DFA-AADA-E2A8DCA8C5AB}.Debug|x86.Build.0 = Debug|Any CPU
		{B8F2FC16-05D4-4DFA-AADA-E2A8DCA8C5AB}.Release|Any CPU.ActiveCfg = Release|Any CPU
		{B8F2FC16-05D4-4DFA-AADA-E2A8DCA8C5AB}.Release|Any CPU.Build.0 = Release|Any CPU
		{B8F2FC16-05D4-4DFA-AADA-E2A8DCA8C5AB}.Release|ARM.ActiveCfg = Release|Any CPU
		{B8F2FC16-05D4-4DFA-AADA-E2A8DCA8C5AB}.Release|ARM.Build.0 = Release|Any CPU
		{B8F2FC16-05D4-4DFA-AADA-E2A8DCA8C5AB}.Release|iPhone.ActiveCfg = Release|Any CPU
		{B8F2FC16-05D4-4DFA-AADA-E2A8DCA8C5AB}.Release|iPhone.Build.0 = Release|Any CPU
		{B8F2FC16-05D4-4DFA-AADA-E2A8DCA8C5AB}.Release|iPhoneSimulator.ActiveCfg = Release|Any CPU
		{B8F2FC16-05D4-4DFA-AADA-E2A8DCA8C5AB}.Release|iPhoneSimulator.Build.0 = Release|Any CPU
		{B8F2FC16-05D4-4DFA-AADA-E2A8DCA8C5AB}.Release|x64.ActiveCfg = Release|Any CPU
		{B8F2FC16-05D4-4DFA-AADA-E2A8DCA8C5AB}.Release|x64.Build.0 = Release|Any CPU
		{B8F2FC16-05D4-4DFA-AADA-E2A8DCA8C5AB}.Release|x86.ActiveCfg = Release|Any CPU
		{B8F2FC16-05D4-4DFA-AADA-E2A8DCA8C5AB}.Release|x86.Build.0 = Release|Any CPU
		{CB0EE78D-47B2-4319-A381-5043E03D9CFC}.Ad-Hoc|Any CPU.ActiveCfg = Release|Any CPU
		{CB0EE78D-47B2-4319-A381-5043E03D9CFC}.Ad-Hoc|Any CPU.Build.0 = Release|Any CPU
		{CB0EE78D-47B2-4319-A381-5043E03D9CFC}.Ad-Hoc|Any CPU.Deploy.0 = Release|Any CPU
		{CB0EE78D-47B2-4319-A381-5043E03D9CFC}.Ad-Hoc|ARM.ActiveCfg = Release|Any CPU
		{CB0EE78D-47B2-4319-A381-5043E03D9CFC}.Ad-Hoc|ARM.Build.0 = Release|Any CPU
		{CB0EE78D-47B2-4319-A381-5043E03D9CFC}.Ad-Hoc|ARM.Deploy.0 = Release|Any CPU
		{CB0EE78D-47B2-4319-A381-5043E03D9CFC}.Ad-Hoc|iPhone.ActiveCfg = Release|Any CPU
		{CB0EE78D-47B2-4319-A381-5043E03D9CFC}.Ad-Hoc|iPhone.Build.0 = Release|Any CPU
		{CB0EE78D-47B2-4319-A381-5043E03D9CFC}.Ad-Hoc|iPhone.Deploy.0 = Release|Any CPU
		{CB0EE78D-47B2-4319-A381-5043E03D9CFC}.Ad-Hoc|iPhoneSimulator.ActiveCfg = Release|Any CPU
		{CB0EE78D-47B2-4319-A381-5043E03D9CFC}.Ad-Hoc|iPhoneSimulator.Build.0 = Release|Any CPU
		{CB0EE78D-47B2-4319-A381-5043E03D9CFC}.Ad-Hoc|iPhoneSimulator.Deploy.0 = Release|Any CPU
		{CB0EE78D-47B2-4319-A381-5043E03D9CFC}.Ad-Hoc|x64.ActiveCfg = Release|Any CPU
		{CB0EE78D-47B2-4319-A381-5043E03D9CFC}.Ad-Hoc|x64.Build.0 = Release|Any CPU
		{CB0EE78D-47B2-4319-A381-5043E03D9CFC}.Ad-Hoc|x64.Deploy.0 = Release|Any CPU
		{CB0EE78D-47B2-4319-A381-5043E03D9CFC}.Ad-Hoc|x86.ActiveCfg = Release|Any CPU
		{CB0EE78D-47B2-4319-A381-5043E03D9CFC}.Ad-Hoc|x86.Build.0 = Release|Any CPU
		{CB0EE78D-47B2-4319-A381-5043E03D9CFC}.Ad-Hoc|x86.Deploy.0 = Release|Any CPU
		{CB0EE78D-47B2-4319-A381-5043E03D9CFC}.AppStore|Any CPU.ActiveCfg = Release|Any CPU
		{CB0EE78D-47B2-4319-A381-5043E03D9CFC}.AppStore|Any CPU.Build.0 = Release|Any CPU
		{CB0EE78D-47B2-4319-A381-5043E03D9CFC}.AppStore|Any CPU.Deploy.0 = Release|Any CPU
		{CB0EE78D-47B2-4319-A381-5043E03D9CFC}.AppStore|ARM.ActiveCfg = Release|Any CPU
		{CB0EE78D-47B2-4319-A381-5043E03D9CFC}.AppStore|ARM.Build.0 = Release|Any CPU
		{CB0EE78D-47B2-4319-A381-5043E03D9CFC}.AppStore|ARM.Deploy.0 = Release|Any CPU
		{CB0EE78D-47B2-4319-A381-5043E03D9CFC}.AppStore|iPhone.ActiveCfg = Release|Any CPU
		{CB0EE78D-47B2-4319-A381-5043E03D9CFC}.AppStore|iPhone.Build.0 = Release|Any CPU
		{CB0EE78D-47B2-4319-A381-5043E03D9CFC}.AppStore|iPhone.Deploy.0 = Release|Any CPU
		{CB0EE78D-47B2-4319-A381-5043E03D9CFC}.AppStore|iPhoneSimulator.ActiveCfg = Release|Any CPU
		{CB0EE78D-47B2-4319-A381-5043E03D9CFC}.AppStore|iPhoneSimulator.Build.0 = Release|Any CPU
		{CB0EE78D-47B2-4319-A381-5043E03D9CFC}.AppStore|iPhoneSimulator.Deploy.0 = Release|Any CPU
		{CB0EE78D-47B2-4319-A381-5043E03D9CFC}.AppStore|x64.ActiveCfg = Release|Any CPU
		{CB0EE78D-47B2-4319-A381-5043E03D9CFC}.AppStore|x64.Build.0 = Release|Any CPU
		{CB0EE78D-47B2-4319-A381-5043E03D9CFC}.AppStore|x64.Deploy.0 = Release|Any CPU
		{CB0EE78D-47B2-4319-A381-5043E03D9CFC}.AppStore|x86.ActiveCfg = Release|Any CPU
		{CB0EE78D-47B2-4319-A381-5043E03D9CFC}.AppStore|x86.Build.0 = Release|Any CPU
		{CB0EE78D-47B2-4319-A381-5043E03D9CFC}.AppStore|x86.Deploy.0 = Release|Any CPU
		{CB0EE78D-47B2-4319-A381-5043E03D9CFC}.Debug|Any CPU.ActiveCfg = Debug|Any CPU
		{CB0EE78D-47B2-4319-A381-5043E03D9CFC}.Debug|Any CPU.Build.0 = Debug|Any CPU
		{CB0EE78D-47B2-4319-A381-5043E03D9CFC}.Debug|Any CPU.Deploy.0 = Debug|Any CPU
		{CB0EE78D-47B2-4319-A381-5043E03D9CFC}.Debug|ARM.ActiveCfg = Debug|Any CPU
		{CB0EE78D-47B2-4319-A381-5043E03D9CFC}.Debug|ARM.Build.0 = Debug|Any CPU
		{CB0EE78D-47B2-4319-A381-5043E03D9CFC}.Debug|ARM.Deploy.0 = Debug|Any CPU
		{CB0EE78D-47B2-4319-A381-5043E03D9CFC}.Debug|iPhone.ActiveCfg = Debug|Any CPU
		{CB0EE78D-47B2-4319-A381-5043E03D9CFC}.Debug|iPhone.Build.0 = Debug|Any CPU
		{CB0EE78D-47B2-4319-A381-5043E03D9CFC}.Debug|iPhone.Deploy.0 = Debug|Any CPU
		{CB0EE78D-47B2-4319-A381-5043E03D9CFC}.Debug|iPhoneSimulator.ActiveCfg = Debug|Any CPU
		{CB0EE78D-47B2-4319-A381-5043E03D9CFC}.Debug|iPhoneSimulator.Build.0 = Debug|Any CPU
		{CB0EE78D-47B2-4319-A381-5043E03D9CFC}.Debug|iPhoneSimulator.Deploy.0 = Debug|Any CPU
		{CB0EE78D-47B2-4319-A381-5043E03D9CFC}.Debug|x64.ActiveCfg = Debug|Any CPU
		{CB0EE78D-47B2-4319-A381-5043E03D9CFC}.Debug|x64.Build.0 = Debug|Any CPU
		{CB0EE78D-47B2-4319-A381-5043E03D9CFC}.Debug|x64.Deploy.0 = Debug|Any CPU
		{CB0EE78D-47B2-4319-A381-5043E03D9CFC}.Debug|x86.ActiveCfg = Debug|Any CPU
		{CB0EE78D-47B2-4319-A381-5043E03D9CFC}.Debug|x86.Build.0 = Debug|Any CPU
		{CB0EE78D-47B2-4319-A381-5043E03D9CFC}.Debug|x86.Deploy.0 = Debug|Any CPU
		{CB0EE78D-47B2-4319-A381-5043E03D9CFC}.Release|Any CPU.ActiveCfg = Release|Any CPU
		{CB0EE78D-47B2-4319-A381-5043E03D9CFC}.Release|Any CPU.Build.0 = Release|Any CPU
		{CB0EE78D-47B2-4319-A381-5043E03D9CFC}.Release|Any CPU.Deploy.0 = Release|Any CPU
		{CB0EE78D-47B2-4319-A381-5043E03D9CFC}.Release|ARM.ActiveCfg = Release|Any CPU
		{CB0EE78D-47B2-4319-A381-5043E03D9CFC}.Release|ARM.Build.0 = Release|Any CPU
		{CB0EE78D-47B2-4319-A381-5043E03D9CFC}.Release|ARM.Deploy.0 = Release|Any CPU
		{CB0EE78D-47B2-4319-A381-5043E03D9CFC}.Release|iPhone.ActiveCfg = Release|Any CPU
		{CB0EE78D-47B2-4319-A381-5043E03D9CFC}.Release|iPhone.Build.0 = Release|Any CPU
		{CB0EE78D-47B2-4319-A381-5043E03D9CFC}.Release|iPhone.Deploy.0 = Release|Any CPU
		{CB0EE78D-47B2-4319-A381-5043E03D9CFC}.Release|iPhoneSimulator.ActiveCfg = Release|Any CPU
		{CB0EE78D-47B2-4319-A381-5043E03D9CFC}.Release|iPhoneSimulator.Build.0 = Release|Any CPU
		{CB0EE78D-47B2-4319-A381-5043E03D9CFC}.Release|iPhoneSimulator.Deploy.0 = Release|Any CPU
		{CB0EE78D-47B2-4319-A381-5043E03D9CFC}.Release|x64.ActiveCfg = Release|Any CPU
		{CB0EE78D-47B2-4319-A381-5043E03D9CFC}.Release|x64.Build.0 = Release|Any CPU
		{CB0EE78D-47B2-4319-A381-5043E03D9CFC}.Release|x64.Deploy.0 = Release|Any CPU
		{CB0EE78D-47B2-4319-A381-5043E03D9CFC}.Release|x86.ActiveCfg = Release|Any CPU
		{CB0EE78D-47B2-4319-A381-5043E03D9CFC}.Release|x86.Build.0 = Release|Any CPU
		{CB0EE78D-47B2-4319-A381-5043E03D9CFC}.Release|x86.Deploy.0 = Release|Any CPU
		{80075086-305C-4C11-958E-A40B93A6558B}.Ad-Hoc|Any CPU.ActiveCfg = Ad-Hoc|iPhone
		{80075086-305C-4C11-958E-A40B93A6558B}.Ad-Hoc|ARM.ActiveCfg = Ad-Hoc|iPhone
		{80075086-305C-4C11-958E-A40B93A6558B}.Ad-Hoc|iPhone.ActiveCfg = Ad-Hoc|iPhone
		{80075086-305C-4C11-958E-A40B93A6558B}.Ad-Hoc|iPhone.Build.0 = Ad-Hoc|iPhone
		{80075086-305C-4C11-958E-A40B93A6558B}.Ad-Hoc|iPhoneSimulator.ActiveCfg = Ad-Hoc|iPhoneSimulator
		{80075086-305C-4C11-958E-A40B93A6558B}.Ad-Hoc|iPhoneSimulator.Build.0 = Ad-Hoc|iPhoneSimulator
		{80075086-305C-4C11-958E-A40B93A6558B}.Ad-Hoc|x64.ActiveCfg = Ad-Hoc|iPhone
		{80075086-305C-4C11-958E-A40B93A6558B}.Ad-Hoc|x86.ActiveCfg = Ad-Hoc|iPhone
		{80075086-305C-4C11-958E-A40B93A6558B}.AppStore|Any CPU.ActiveCfg = AppStore|iPhone
		{80075086-305C-4C11-958E-A40B93A6558B}.AppStore|ARM.ActiveCfg = AppStore|iPhone
		{80075086-305C-4C11-958E-A40B93A6558B}.AppStore|iPhone.ActiveCfg = AppStore|iPhone
		{80075086-305C-4C11-958E-A40B93A6558B}.AppStore|iPhone.Build.0 = AppStore|iPhone
		{80075086-305C-4C11-958E-A40B93A6558B}.AppStore|iPhoneSimulator.ActiveCfg = AppStore|iPhoneSimulator
		{80075086-305C-4C11-958E-A40B93A6558B}.AppStore|iPhoneSimulator.Build.0 = AppStore|iPhoneSimulator
		{80075086-305C-4C11-958E-A40B93A6558B}.AppStore|x64.ActiveCfg = AppStore|iPhone
		{80075086-305C-4C11-958E-A40B93A6558B}.AppStore|x86.ActiveCfg = AppStore|iPhone
		{80075086-305C-4C11-958E-A40B93A6558B}.Debug|Any CPU.ActiveCfg = Debug|iPhone
		{80075086-305C-4C11-958E-A40B93A6558B}.Debug|ARM.ActiveCfg = Debug|iPhone
		{80075086-305C-4C11-958E-A40B93A6558B}.Debug|iPhone.ActiveCfg = Debug|iPhone
		{80075086-305C-4C11-958E-A40B93A6558B}.Debug|iPhone.Build.0 = Debug|iPhone
		{80075086-305C-4C11-958E-A40B93A6558B}.Debug|iPhoneSimulator.ActiveCfg = Debug|iPhoneSimulator
		{80075086-305C-4C11-958E-A40B93A6558B}.Debug|iPhoneSimulator.Build.0 = Debug|iPhoneSimulator
		{80075086-305C-4C11-958E-A40B93A6558B}.Debug|x64.ActiveCfg = Debug|iPhone
		{80075086-305C-4C11-958E-A40B93A6558B}.Debug|x86.ActiveCfg = Debug|iPhone
		{80075086-305C-4C11-958E-A40B93A6558B}.Release|Any CPU.ActiveCfg = Release|iPhone
		{80075086-305C-4C11-958E-A40B93A6558B}.Release|ARM.ActiveCfg = Release|iPhone
		{80075086-305C-4C11-958E-A40B93A6558B}.Release|iPhone.ActiveCfg = Release|iPhone
		{80075086-305C-4C11-958E-A40B93A6558B}.Release|iPhone.Build.0 = Release|iPhone
		{80075086-305C-4C11-958E-A40B93A6558B}.Release|iPhoneSimulator.ActiveCfg = Release|iPhoneSimulator
		{80075086-305C-4C11-958E-A40B93A6558B}.Release|iPhoneSimulator.Build.0 = Release|iPhoneSimulator
		{80075086-305C-4C11-958E-A40B93A6558B}.Release|x64.ActiveCfg = Release|iPhone
		{80075086-305C-4C11-958E-A40B93A6558B}.Release|x86.ActiveCfg = Release|iPhone
		{8801A324-4C6B-4250-8303-E8DA83967542}.Ad-Hoc|Any CPU.ActiveCfg = Release|Any CPU
		{8801A324-4C6B-4250-8303-E8DA83967542}.Ad-Hoc|Any CPU.Build.0 = Release|Any CPU
		{8801A324-4C6B-4250-8303-E8DA83967542}.Ad-Hoc|Any CPU.Deploy.0 = Release|Any CPU
		{8801A324-4C6B-4250-8303-E8DA83967542}.Ad-Hoc|ARM.ActiveCfg = Release|ARM
		{8801A324-4C6B-4250-8303-E8DA83967542}.Ad-Hoc|ARM.Build.0 = Release|ARM
		{8801A324-4C6B-4250-8303-E8DA83967542}.Ad-Hoc|ARM.Deploy.0 = Release|ARM
		{8801A324-4C6B-4250-8303-E8DA83967542}.Ad-Hoc|iPhone.ActiveCfg = Release|Any CPU
		{8801A324-4C6B-4250-8303-E8DA83967542}.Ad-Hoc|iPhone.Build.0 = Release|Any CPU
		{8801A324-4C6B-4250-8303-E8DA83967542}.Ad-Hoc|iPhone.Deploy.0 = Release|Any CPU
		{8801A324-4C6B-4250-8303-E8DA83967542}.Ad-Hoc|iPhoneSimulator.ActiveCfg = Release|Any CPU
		{8801A324-4C6B-4250-8303-E8DA83967542}.Ad-Hoc|iPhoneSimulator.Build.0 = Release|Any CPU
		{8801A324-4C6B-4250-8303-E8DA83967542}.Ad-Hoc|iPhoneSimulator.Deploy.0 = Release|Any CPU
		{8801A324-4C6B-4250-8303-E8DA83967542}.Ad-Hoc|x64.ActiveCfg = Release|Any CPU
		{8801A324-4C6B-4250-8303-E8DA83967542}.Ad-Hoc|x64.Build.0 = Release|Any CPU
		{8801A324-4C6B-4250-8303-E8DA83967542}.Ad-Hoc|x64.Deploy.0 = Release|Any CPU
		{8801A324-4C6B-4250-8303-E8DA83967542}.Ad-Hoc|x86.ActiveCfg = Release|x86
		{8801A324-4C6B-4250-8303-E8DA83967542}.Ad-Hoc|x86.Build.0 = Release|x86
		{8801A324-4C6B-4250-8303-E8DA83967542}.Ad-Hoc|x86.Deploy.0 = Release|x86
		{8801A324-4C6B-4250-8303-E8DA83967542}.AppStore|Any CPU.ActiveCfg = Release|Any CPU
		{8801A324-4C6B-4250-8303-E8DA83967542}.AppStore|Any CPU.Build.0 = Release|Any CPU
		{8801A324-4C6B-4250-8303-E8DA83967542}.AppStore|Any CPU.Deploy.0 = Release|Any CPU
		{8801A324-4C6B-4250-8303-E8DA83967542}.AppStore|ARM.ActiveCfg = Release|ARM
		{8801A324-4C6B-4250-8303-E8DA83967542}.AppStore|ARM.Build.0 = Release|ARM
		{8801A324-4C6B-4250-8303-E8DA83967542}.AppStore|ARM.Deploy.0 = Release|ARM
		{8801A324-4C6B-4250-8303-E8DA83967542}.AppStore|iPhone.ActiveCfg = Release|Any CPU
		{8801A324-4C6B-4250-8303-E8DA83967542}.AppStore|iPhone.Build.0 = Release|Any CPU
		{8801A324-4C6B-4250-8303-E8DA83967542}.AppStore|iPhone.Deploy.0 = Release|Any CPU
		{8801A324-4C6B-4250-8303-E8DA83967542}.AppStore|iPhoneSimulator.ActiveCfg = Release|Any CPU
		{8801A324-4C6B-4250-8303-E8DA83967542}.AppStore|iPhoneSimulator.Build.0 = Release|Any CPU
		{8801A324-4C6B-4250-8303-E8DA83967542}.AppStore|iPhoneSimulator.Deploy.0 = Release|Any CPU
		{8801A324-4C6B-4250-8303-E8DA83967542}.AppStore|x64.ActiveCfg = Release|Any CPU
		{8801A324-4C6B-4250-8303-E8DA83967542}.AppStore|x64.Build.0 = Release|Any CPU
		{8801A324-4C6B-4250-8303-E8DA83967542}.AppStore|x64.Deploy.0 = Release|Any CPU
		{8801A324-4C6B-4250-8303-E8DA83967542}.AppStore|x86.ActiveCfg = Release|x86
		{8801A324-4C6B-4250-8303-E8DA83967542}.AppStore|x86.Build.0 = Release|x86
		{8801A324-4C6B-4250-8303-E8DA83967542}.AppStore|x86.Deploy.0 = Release|x86
		{8801A324-4C6B-4250-8303-E8DA83967542}.Debug|Any CPU.ActiveCfg = Debug|Any CPU
		{8801A324-4C6B-4250-8303-E8DA83967542}.Debug|Any CPU.Build.0 = Debug|Any CPU
		{8801A324-4C6B-4250-8303-E8DA83967542}.Debug|Any CPU.Deploy.0 = Debug|Any CPU
		{8801A324-4C6B-4250-8303-E8DA83967542}.Debug|ARM.ActiveCfg = Debug|ARM
		{8801A324-4C6B-4250-8303-E8DA83967542}.Debug|ARM.Build.0 = Debug|ARM
		{8801A324-4C6B-4250-8303-E8DA83967542}.Debug|ARM.Deploy.0 = Debug|ARM
		{8801A324-4C6B-4250-8303-E8DA83967542}.Debug|iPhone.ActiveCfg = Debug|Any CPU
		{8801A324-4C6B-4250-8303-E8DA83967542}.Debug|iPhone.Build.0 = Debug|Any CPU
		{8801A324-4C6B-4250-8303-E8DA83967542}.Debug|iPhone.Deploy.0 = Debug|Any CPU
		{8801A324-4C6B-4250-8303-E8DA83967542}.Debug|iPhoneSimulator.ActiveCfg = Debug|Any CPU
		{8801A324-4C6B-4250-8303-E8DA83967542}.Debug|iPhoneSimulator.Build.0 = Debug|Any CPU
		{8801A324-4C6B-4250-8303-E8DA83967542}.Debug|iPhoneSimulator.Deploy.0 = Debug|Any CPU
		{8801A324-4C6B-4250-8303-E8DA83967542}.Debug|x64.ActiveCfg = Debug|Any CPU
		{8801A324-4C6B-4250-8303-E8DA83967542}.Debug|x64.Build.0 = Debug|Any CPU
		{8801A324-4C6B-4250-8303-E8DA83967542}.Debug|x64.Deploy.0 = Debug|Any CPU
		{8801A324-4C6B-4250-8303-E8DA83967542}.Debug|x86.ActiveCfg = Debug|x86
		{8801A324-4C6B-4250-8303-E8DA83967542}.Debug|x86.Build.0 = Debug|x86
		{8801A324-4C6B-4250-8303-E8DA83967542}.Debug|x86.Deploy.0 = Debug|x86
		{8801A324-4C6B-4250-8303-E8DA83967542}.Release|Any CPU.ActiveCfg = Release|Any CPU
		{8801A324-4C6B-4250-8303-E8DA83967542}.Release|Any CPU.Build.0 = Release|Any CPU
		{8801A324-4C6B-4250-8303-E8DA83967542}.Release|Any CPU.Deploy.0 = Release|Any CPU
		{8801A324-4C6B-4250-8303-E8DA83967542}.Release|ARM.ActiveCfg = Release|ARM
		{8801A324-4C6B-4250-8303-E8DA83967542}.Release|ARM.Build.0 = Release|ARM
		{8801A324-4C6B-4250-8303-E8DA83967542}.Release|ARM.Deploy.0 = Release|ARM
		{8801A324-4C6B-4250-8303-E8DA83967542}.Release|iPhone.ActiveCfg = Release|Any CPU
		{8801A324-4C6B-4250-8303-E8DA83967542}.Release|iPhone.Build.0 = Release|Any CPU
		{8801A324-4C6B-4250-8303-E8DA83967542}.Release|iPhone.Deploy.0 = Release|Any CPU
		{8801A324-4C6B-4250-8303-E8DA83967542}.Release|iPhoneSimulator.ActiveCfg = Release|Any CPU
		{8801A324-4C6B-4250-8303-E8DA83967542}.Release|iPhoneSimulator.Build.0 = Release|Any CPU
		{8801A324-4C6B-4250-8303-E8DA83967542}.Release|iPhoneSimulator.Deploy.0 = Release|Any CPU
		{8801A324-4C6B-4250-8303-E8DA83967542}.Release|x64.ActiveCfg = Release|Any CPU
		{8801A324-4C6B-4250-8303-E8DA83967542}.Release|x64.Build.0 = Release|Any CPU
		{8801A324-4C6B-4250-8303-E8DA83967542}.Release|x64.Deploy.0 = Release|Any CPU
		{8801A324-4C6B-4250-8303-E8DA83967542}.Release|x86.ActiveCfg = Release|x86
		{8801A324-4C6B-4250-8303-E8DA83967542}.Release|x86.Build.0 = Release|x86
		{8801A324-4C6B-4250-8303-E8DA83967542}.Release|x86.Deploy.0 = Release|x86
		{3B70787E-AB6A-401E-BA3A-E99CC6641E74}.Ad-Hoc|Any CPU.ActiveCfg = Release|Any CPU
		{3B70787E-AB6A-401E-BA3A-E99CC6641E74}.Ad-Hoc|Any CPU.Build.0 = Release|Any CPU
		{3B70787E-AB6A-401E-BA3A-E99CC6641E74}.Ad-Hoc|Any CPU.Deploy.0 = Release|Any CPU
		{3B70787E-AB6A-401E-BA3A-E99CC6641E74}.Ad-Hoc|ARM.ActiveCfg = Release|ARM
		{3B70787E-AB6A-401E-BA3A-E99CC6641E74}.Ad-Hoc|ARM.Build.0 = Release|ARM
		{3B70787E-AB6A-401E-BA3A-E99CC6641E74}.Ad-Hoc|ARM.Deploy.0 = Release|ARM
		{3B70787E-AB6A-401E-BA3A-E99CC6641E74}.Ad-Hoc|iPhone.ActiveCfg = Release|Any CPU
		{3B70787E-AB6A-401E-BA3A-E99CC6641E74}.Ad-Hoc|iPhone.Build.0 = Release|Any CPU
		{3B70787E-AB6A-401E-BA3A-E99CC6641E74}.Ad-Hoc|iPhone.Deploy.0 = Release|Any CPU
		{3B70787E-AB6A-401E-BA3A-E99CC6641E74}.Ad-Hoc|iPhoneSimulator.ActiveCfg = Release|Any CPU
		{3B70787E-AB6A-401E-BA3A-E99CC6641E74}.Ad-Hoc|iPhoneSimulator.Build.0 = Release|Any CPU
		{3B70787E-AB6A-401E-BA3A-E99CC6641E74}.Ad-Hoc|iPhoneSimulator.Deploy.0 = Release|Any CPU
		{3B70787E-AB6A-401E-BA3A-E99CC6641E74}.Ad-Hoc|x64.ActiveCfg = Release|x64
		{3B70787E-AB6A-401E-BA3A-E99CC6641E74}.Ad-Hoc|x64.Build.0 = Release|x64
		{3B70787E-AB6A-401E-BA3A-E99CC6641E74}.Ad-Hoc|x64.Deploy.0 = Release|x64
		{3B70787E-AB6A-401E-BA3A-E99CC6641E74}.Ad-Hoc|x86.ActiveCfg = Release|x86
		{3B70787E-AB6A-401E-BA3A-E99CC6641E74}.Ad-Hoc|x86.Build.0 = Release|x86
		{3B70787E-AB6A-401E-BA3A-E99CC6641E74}.Ad-Hoc|x86.Deploy.0 = Release|x86
		{3B70787E-AB6A-401E-BA3A-E99CC6641E74}.AppStore|Any CPU.ActiveCfg = Release|Any CPU
		{3B70787E-AB6A-401E-BA3A-E99CC6641E74}.AppStore|Any CPU.Build.0 = Release|Any CPU
		{3B70787E-AB6A-401E-BA3A-E99CC6641E74}.AppStore|Any CPU.Deploy.0 = Release|Any CPU
		{3B70787E-AB6A-401E-BA3A-E99CC6641E74}.AppStore|ARM.ActiveCfg = Release|ARM
		{3B70787E-AB6A-401E-BA3A-E99CC6641E74}.AppStore|ARM.Build.0 = Release|ARM
		{3B70787E-AB6A-401E-BA3A-E99CC6641E74}.AppStore|ARM.Deploy.0 = Release|ARM
		{3B70787E-AB6A-401E-BA3A-E99CC6641E74}.AppStore|iPhone.ActiveCfg = Release|Any CPU
		{3B70787E-AB6A-401E-BA3A-E99CC6641E74}.AppStore|iPhone.Build.0 = Release|Any CPU
		{3B70787E-AB6A-401E-BA3A-E99CC6641E74}.AppStore|iPhone.Deploy.0 = Release|Any CPU
		{3B70787E-AB6A-401E-BA3A-E99CC6641E74}.AppStore|iPhoneSimulator.ActiveCfg = Release|Any CPU
		{3B70787E-AB6A-401E-BA3A-E99CC6641E74}.AppStore|iPhoneSimulator.Build.0 = Release|Any CPU
		{3B70787E-AB6A-401E-BA3A-E99CC6641E74}.AppStore|iPhoneSimulator.Deploy.0 = Release|Any CPU
		{3B70787E-AB6A-401E-BA3A-E99CC6641E74}.AppStore|x64.ActiveCfg = Release|x64
		{3B70787E-AB6A-401E-BA3A-E99CC6641E74}.AppStore|x64.Build.0 = Release|x64
		{3B70787E-AB6A-401E-BA3A-E99CC6641E74}.AppStore|x64.Deploy.0 = Release|x64
		{3B70787E-AB6A-401E-BA3A-E99CC6641E74}.AppStore|x86.ActiveCfg = Release|x86
		{3B70787E-AB6A-401E-BA3A-E99CC6641E74}.AppStore|x86.Build.0 = Release|x86
		{3B70787E-AB6A-401E-BA3A-E99CC6641E74}.AppStore|x86.Deploy.0 = Release|x86
		{3B70787E-AB6A-401E-BA3A-E99CC6641E74}.Debug|Any CPU.ActiveCfg = Debug|Any CPU
		{3B70787E-AB6A-401E-BA3A-E99CC6641E74}.Debug|Any CPU.Build.0 = Debug|Any CPU
		{3B70787E-AB6A-401E-BA3A-E99CC6641E74}.Debug|Any CPU.Deploy.0 = Debug|Any CPU
		{3B70787E-AB6A-401E-BA3A-E99CC6641E74}.Debug|ARM.ActiveCfg = Debug|ARM
		{3B70787E-AB6A-401E-BA3A-E99CC6641E74}.Debug|ARM.Build.0 = Debug|ARM
		{3B70787E-AB6A-401E-BA3A-E99CC6641E74}.Debug|ARM.Deploy.0 = Debug|ARM
		{3B70787E-AB6A-401E-BA3A-E99CC6641E74}.Debug|iPhone.ActiveCfg = Debug|Any CPU
		{3B70787E-AB6A-401E-BA3A-E99CC6641E74}.Debug|iPhone.Build.0 = Debug|Any CPU
		{3B70787E-AB6A-401E-BA3A-E99CC6641E74}.Debug|iPhone.Deploy.0 = Debug|Any CPU
		{3B70787E-AB6A-401E-BA3A-E99CC6641E74}.Debug|iPhoneSimulator.ActiveCfg = Debug|Any CPU
		{3B70787E-AB6A-401E-BA3A-E99CC6641E74}.Debug|iPhoneSimulator.Build.0 = Debug|Any CPU
		{3B70787E-AB6A-401E-BA3A-E99CC6641E74}.Debug|iPhoneSimulator.Deploy.0 = Debug|Any CPU
		{3B70787E-AB6A-401E-BA3A-E99CC6641E74}.Debug|x64.ActiveCfg = Debug|x64
		{3B70787E-AB6A-401E-BA3A-E99CC6641E74}.Debug|x64.Build.0 = Debug|x64
		{3B70787E-AB6A-401E-BA3A-E99CC6641E74}.Debug|x64.Deploy.0 = Debug|x64
		{3B70787E-AB6A-401E-BA3A-E99CC6641E74}.Debug|x86.ActiveCfg = Debug|x86
		{3B70787E-AB6A-401E-BA3A-E99CC6641E74}.Debug|x86.Build.0 = Debug|x86
		{3B70787E-AB6A-401E-BA3A-E99CC6641E74}.Debug|x86.Deploy.0 = Debug|x86
		{3B70787E-AB6A-401E-BA3A-E99CC6641E74}.Release|Any CPU.ActiveCfg = Release|Any CPU
		{3B70787E-AB6A-401E-BA3A-E99CC6641E74}.Release|Any CPU.Build.0 = Release|Any CPU
		{3B70787E-AB6A-401E-BA3A-E99CC6641E74}.Release|Any CPU.Deploy.0 = Release|Any CPU
		{3B70787E-AB6A-401E-BA3A-E99CC6641E74}.Release|ARM.ActiveCfg = Release|ARM
		{3B70787E-AB6A-401E-BA3A-E99CC6641E74}.Release|ARM.Build.0 = Release|ARM
		{3B70787E-AB6A-401E-BA3A-E99CC6641E74}.Release|ARM.Deploy.0 = Release|ARM
		{3B70787E-AB6A-401E-BA3A-E99CC6641E74}.Release|iPhone.ActiveCfg = Release|Any CPU
		{3B70787E-AB6A-401E-BA3A-E99CC6641E74}.Release|iPhone.Build.0 = Release|Any CPU
		{3B70787E-AB6A-401E-BA3A-E99CC6641E74}.Release|iPhone.Deploy.0 = Release|Any CPU
		{3B70787E-AB6A-401E-BA3A-E99CC6641E74}.Release|iPhoneSimulator.ActiveCfg = Release|Any CPU
		{3B70787E-AB6A-401E-BA3A-E99CC6641E74}.Release|iPhoneSimulator.Build.0 = Release|Any CPU
		{3B70787E-AB6A-401E-BA3A-E99CC6641E74}.Release|iPhoneSimulator.Deploy.0 = Release|Any CPU
		{3B70787E-AB6A-401E-BA3A-E99CC6641E74}.Release|x64.ActiveCfg = Release|x64
		{3B70787E-AB6A-401E-BA3A-E99CC6641E74}.Release|x64.Build.0 = Release|x64
		{3B70787E-AB6A-401E-BA3A-E99CC6641E74}.Release|x64.Deploy.0 = Release|x64
		{3B70787E-AB6A-401E-BA3A-E99CC6641E74}.Release|x86.ActiveCfg = Release|x86
		{3B70787E-AB6A-401E-BA3A-E99CC6641E74}.Release|x86.Build.0 = Release|x86
		{3B70787E-AB6A-401E-BA3A-E99CC6641E74}.Release|x86.Deploy.0 = Release|x86
	EndGlobalSection
	GlobalSection(SolutionProperties) = preSolution
		HideSolutionNode = FALSE
	EndGlobalSection
EndGlobal
